
Microsoft Visual Studio Solution File, Format Version 12.00
# Visual Studio Version 17
VisualStudioVersion = 17.2.32210.308
MinimumVisualStudioVersion = 10.0.40219.1
Project("{FAE04EC0-301F-11D3-BF4B-00C04F79EFBC}") = "Chat.Server", "Chat\Server\Chat.Server.csproj", "{768D285A-CA33-4D0E-907B-6CB2C1CCCE3F}"
EndProject
Project("{FAE04EC0-301F-11D3-BF4B-00C04F79EFBC}") = "Chat.Client", "Chat\Client\Chat.Client.csproj", "{34307190-4310-4A39-A648-11FCCE5AA775}"
EndProject
Project("{FAE04EC0-301F-11D3-BF4B-00C04F79EFBC}") = "Chat.Shared", "Chat\Shared\Chat.Shared.csproj", "{813A4596-ED0B-4A3B-98FA-ED6BE6B4A455}"
EndProject
Global
	GlobalSection(SolutionConfigurationPlatforms) = preSolution
		Debug|Any CPU = Debug|Any CPU
		Release|Any CPU = Release|Any CPU
	EndGlobalSection
	GlobalSection(ProjectConfigurationPlatforms) = postSolution
		{768D285A-CA33-4D0E-907B-6CB2C1CCCE3F}.Debug|Any CPU.ActiveCfg = Debug|Any CPU
		{768D285A-CA33-4D0E-907B-6CB2C1CCCE3F}.Debug|Any CPU.Build.0 = Debug|Any CPU
		{768D285A-CA33-4D0E-907B-6CB2C1CCCE3F}.Release|Any CPU.ActiveCfg = Release|Any CPU
		{768D285A-CA33-4D0E-907B-6CB2C1CCCE3F}.Release|Any CPU.Build.0 = Release|Any CPU
		{34307190-4310-4A39-A648-11FCCE5AA775}.Debug|Any CPU.ActiveCfg = Debug|Any CPU
		{34307190-4310-4A39-A648-11FCCE5AA775}.Debug|Any CPU.Build.0 = Debug|Any CPU
		{34307190-4310-4A39-A648-11FCCE5AA775}.Release|Any CPU.ActiveCfg = Release|Any CPU
		{34307190-4310-4A39-A648-11FCCE5AA775}.Release|Any CPU.Build.0 = Release|Any CPU
		{813A4596-ED0B-4A3B-98FA-ED6BE6B4A455}.Debug|Any CPU.ActiveCfg = Debug|Any CPU
		{813A4596-ED0B-4A3B-98FA-ED6BE6B4A455}.Debug|Any CPU.Build.0 = Debug|Any CPU
		{813A4596-ED0B-4A3B-98FA-ED6BE6B4A455}.Release|Any CPU.ActiveCfg = Release|Any CPU
		{813A4596-ED0B-4A3B-98FA-ED6BE6B4A455}.Release|Any CPU.Build.0 = Release|Any CPU
	EndGlobalSection
	GlobalSection(SolutionProperties) = preSolution
		HideSolutionNode = FALSE
	EndGlobalSection
	GlobalSection(ExtensibilityGlobals) = postSolution
		SolutionGuid = {5A74F1E1-CF5E-41FF-BE93-9844B271A8BF}
	EndGlobalSection
EndGlobal
